
Microsoft Visual Studio Solution File, Format Version 12.00
# Visual Studio Version 16
VisualStudioVersion = 16.0.29728.190
MinimumVisualStudioVersion = 10.0.40219.1
Project("{2150E333-8FDC-42A3-9474-1A3956D46DE8}") = "Domain", "Domain", "{126F756E-FAD9-4A5A-95B1-1E2A4224FF3F}"
EndProject
Project("{9A19103F-16F7-4668-BE54-9A1E7A4F7556}") = "TechnicalInfo.Domain.Models", "TechnicalInfo.Models\TechnicalInfo.Domain.Models.csproj", "{B23EBD18-37C2-40D0-A581-E98B972D9A02}"
EndProject
Project("{2150E333-8FDC-42A3-9474-1A3956D46DE8}") = "Infrastructure", "Infrastructure", "{84A723E9-5320-4B9E-B4B9-1A92D2267BB3}"
EndProject
Project("{9A19103F-16F7-4668-BE54-9A1E7A4F7556}") = "TechnicalInfo.Infrastructure.Wmi", "TechnicalInfo.Infrastructure.Wmi\TechnicalInfo.Infrastructure.Wmi.csproj", "{AB7C5DAF-1533-4D80-AD44-F3CF7859D565}"
EndProject
Project("{2150E333-8FDC-42A3-9474-1A3956D46DE8}") = "UIs", "UIs", "{FB332BD6-05BF-4BC2-84F8-7F1CC38222BD}"
EndProject
Project("{9A19103F-16F7-4668-BE54-9A1E7A4F7556}") = "TechnicalInfo.UIs.ConsoleApp", "TechnicalInfo.UIs.ConsoleApp\TechnicalInfo.UIs.ConsoleApp.csproj", "{2F9F30EE-5B5B-4BFB-9677-FC0792EC3851}"
EndProject
Project("{9A19103F-16F7-4668-BE54-9A1E7A4F7556}") = "TechnicalInfo.Infrastructure.Interfaces", "TechnicalInfo.Infastructure.Interfaces\TechnicalInfo.Infrastructure.Interfaces.csproj", "{259134F5-7FCB-436D-805D-3B9ACDB82EA9}"
EndProject
Project("{2150E333-8FDC-42A3-9474-1A3956D46DE8}") = "Utils", "Utils", "{B5DE0456-D75E-45AF-B57E-42DBD95E8E5C}"
EndProject
Project("{9A19103F-16F7-4668-BE54-9A1E7A4F7556}") = "NetworkWsChecker", "..\RemotePrinter\NetworkWsChecker\NetworkWsChecker.csproj", "{91791242-3F7E-4F0E-8C2B-13B07D05D4D3}"
EndProject
Project("{2150E333-8FDC-42A3-9474-1A3956D46DE8}") = "OptionType", "OptionType", "{3B126A8B-A403-469C-A0A5-54999B1C7965}"
EndProject
Project("{9A19103F-16F7-4668-BE54-9A1E7A4F7556}") = "SomeResult", "SomeResult\SomeResult.csproj", "{F1709AC6-0D2F-4E3E-81DA-671B4A158427}"
EndProject
Project("{2150E333-8FDC-42A3-9474-1A3956D46DE8}") = "WebApi", "WebApi", "{B5E7C0C8-CB84-493D-B86F-2E61E6B0CE8E}"
EndProject
Project("{9A19103F-16F7-4668-BE54-9A1E7A4F7556}") = "TechnicalInfo.WebApi", "TechnicalInfo.WebApi\TechnicalInfo.WebApi.csproj", "{87EF74E9-DF62-4256-8000-714B787D8435}"
EndProject
Project("{9A19103F-16F7-4668-BE54-9A1E7A4F7556}") = "TechnicalInfo.UIs.BlazorHostedApp.Server", "TechnicalInfo.UIs.BlazorHostedApp\Server\TechnicalInfo.UIs.BlazorHostedApp.Server.csproj", "{C670A325-00CB-4556-A58B-F1004DDD901B}"
EndProject
Project("{9A19103F-16F7-4668-BE54-9A1E7A4F7556}") = "TechnicalInfo.UIs.BlazorHostedApp.Client", "TechnicalInfo.UIs.BlazorHostedApp\Client\TechnicalInfo.UIs.BlazorHostedApp.Client.csproj", "{C664F09D-E4C1-4004-8721-E40B053C4C87}"
EndProject
Project("{9A19103F-16F7-4668-BE54-9A1E7A4F7556}") = "TechnicalInfo.UIs.BlazorHostedApp.Shared", "TechnicalInfo.UIs.BlazorHostedApp\Shared\TechnicalInfo.UIs.BlazorHostedApp.Shared.csproj", "{71B1B354-258C-43C4-A08F-F6936F1AE6A8}"
EndProject
Project("{2150E333-8FDC-42A3-9474-1A3956D46DE8}") = "BlazorHostedApp", "BlazorHostedApp", "{3FF70CBE-2A3D-4A21-BCE6-CA8006286ABD}"
EndProject
Project("{2150E333-8FDC-42A3-9474-1A3956D46DE8}") = "ConsoleApp", "ConsoleApp", "{9E3B0263-DEF6-425C-BAB2-4EC899AE9B83}"
EndProject
Project("{FAE04EC0-301F-11D3-BF4B-00C04F79EFBC}") = "TechnicalInfo.Infrastructure.ExcelWriter", "TechnicalInfo.Infrastructure.ExcelWriter\TechnicalInfo.Infrastructure.ExcelWriter.csproj", "{B353850A-6FC8-41EF-BB9E-2EC1AE599D5F}"
EndProject
Project("{FAE04EC0-301F-11D3-BF4B-00C04F79EFBC}") = "TechnicalInfo.Infrastructure.ConsoleWriter", "TechnicalInfo.Infrastructure.ConsoleWriter\TechnicalInfo.Infrastructure.ConsoleWriter.csproj", "{C831546F-B1B2-4E75-8523-08EE400D7540}"
EndProject
Project("{2150E333-8FDC-42A3-9474-1A3956D46DE8}") = "Writers", "Writers", "{8059E115-6BFD-4516-80A3-64D91B71D595}"
EndProject
Global
	GlobalSection(SolutionConfigurationPlatforms) = preSolution
		Debug|Any CPU = Debug|Any CPU
		Release|Any CPU = Release|Any CPU
	EndGlobalSection
	GlobalSection(ProjectConfigurationPlatforms) = postSolution
		{B23EBD18-37C2-40D0-A581-E98B972D9A02}.Debug|Any CPU.ActiveCfg = Debug|Any CPU
		{B23EBD18-37C2-40D0-A581-E98B972D9A02}.Debug|Any CPU.Build.0 = Debug|Any CPU
		{B23EBD18-37C2-40D0-A581-E98B972D9A02}.Release|Any CPU.ActiveCfg = Release|Any CPU
		{B23EBD18-37C2-40D0-A581-E98B972D9A02}.Release|Any CPU.Build.0 = Release|Any CPU
		{AB7C5DAF-1533-4D80-AD44-F3CF7859D565}.Debug|Any CPU.ActiveCfg = Debug|Any CPU
		{AB7C5DAF-1533-4D80-AD44-F3CF7859D565}.Debug|Any CPU.Build.0 = Debug|Any CPU
		{AB7C5DAF-1533-4D80-AD44-F3CF7859D565}.Release|Any CPU.ActiveCfg = Release|Any CPU
		{AB7C5DAF-1533-4D80-AD44-F3CF7859D565}.Release|Any CPU.Build.0 = Release|Any CPU
		{2F9F30EE-5B5B-4BFB-9677-FC0792EC3851}.Debug|Any CPU.ActiveCfg = Debug|Any CPU
		{2F9F30EE-5B5B-4BFB-9677-FC0792EC3851}.Debug|Any CPU.Build.0 = Debug|Any CPU
		{2F9F30EE-5B5B-4BFB-9677-FC0792EC3851}.Release|Any CPU.ActiveCfg = Release|Any CPU
		{2F9F30EE-5B5B-4BFB-9677-FC0792EC3851}.Release|Any CPU.Build.0 = Release|Any CPU
		{259134F5-7FCB-436D-805D-3B9ACDB82EA9}.Debug|Any CPU.ActiveCfg = Debug|Any CPU
		{259134F5-7FCB-436D-805D-3B9ACDB82EA9}.Debug|Any CPU.Build.0 = Debug|Any CPU
		{259134F5-7FCB-436D-805D-3B9ACDB82EA9}.Release|Any CPU.ActiveCfg = Release|Any CPU
		{259134F5-7FCB-436D-805D-3B9ACDB82EA9}.Release|Any CPU.Build.0 = Release|Any CPU
		{91791242-3F7E-4F0E-8C2B-13B07D05D4D3}.Debug|Any CPU.ActiveCfg = Debug|Any CPU
		{91791242-3F7E-4F0E-8C2B-13B07D05D4D3}.Debug|Any CPU.Build.0 = Debug|Any CPU
		{91791242-3F7E-4F0E-8C2B-13B07D05D4D3}.Release|Any CPU.ActiveCfg = Release|Any CPU
		{91791242-3F7E-4F0E-8C2B-13B07D05D4D3}.Release|Any CPU.Build.0 = Release|Any CPU
		{F1709AC6-0D2F-4E3E-81DA-671B4A158427}.Debug|Any CPU.ActiveCfg = Debug|Any CPU
		{F1709AC6-0D2F-4E3E-81DA-671B4A158427}.Debug|Any CPU.Build.0 = Debug|Any CPU
		{F1709AC6-0D2F-4E3E-81DA-671B4A158427}.Release|Any CPU.ActiveCfg = Release|Any CPU
		{F1709AC6-0D2F-4E3E-81DA-671B4A158427}.Release|Any CPU.Build.0 = Release|Any CPU
		{87EF74E9-DF62-4256-8000-714B787D8435}.Debug|Any CPU.ActiveCfg = Debug|Any CPU
		{87EF74E9-DF62-4256-8000-714B787D8435}.Debug|Any CPU.Build.0 = Debug|Any CPU
		{87EF74E9-DF62-4256-8000-714B787D8435}.Release|Any CPU.ActiveCfg = Release|Any CPU
		{87EF74E9-DF62-4256-8000-714B787D8435}.Release|Any CPU.Build.0 = Release|Any CPU
		{C670A325-00CB-4556-A58B-F1004DDD901B}.Debug|Any CPU.ActiveCfg = Debug|Any CPU
		{C670A325-00CB-4556-A58B-F1004DDD901B}.Debug|Any CPU.Build.0 = Debug|Any CPU
		{C670A325-00CB-4556-A58B-F1004DDD901B}.Release|Any CPU.ActiveCfg = Release|Any CPU
		{C670A325-00CB-4556-A58B-F1004DDD901B}.Release|Any CPU.Build.0 = Release|Any CPU
		{C664F09D-E4C1-4004-8721-E40B053C4C87}.Debug|Any CPU.ActiveCfg = Debug|Any CPU
		{C664F09D-E4C1-4004-8721-E40B053C4C87}.Debug|Any CPU.Build.0 = Debug|Any CPU
		{C664F09D-E4C1-4004-8721-E40B053C4C87}.Release|Any CPU.ActiveCfg = Release|Any CPU
		{C664F09D-E4C1-4004-8721-E40B053C4C87}.Release|Any CPU.Build.0 = Release|Any CPU
		{71B1B354-258C-43C4-A08F-F6936F1AE6A8}.Debug|Any CPU.ActiveCfg = Debug|Any CPU
		{71B1B354-258C-43C4-A08F-F6936F1AE6A8}.Debug|Any CPU.Build.0 = Debug|Any CPU
		{71B1B354-258C-43C4-A08F-F6936F1AE6A8}.Release|Any CPU.ActiveCfg = Release|Any CPU
		{71B1B354-258C-43C4-A08F-F6936F1AE6A8}.Release|Any CPU.Build.0 = Release|Any CPU
		{B353850A-6FC8-41EF-BB9E-2EC1AE599D5F}.Debug|Any CPU.ActiveCfg = Debug|Any CPU
		{B353850A-6FC8-41EF-BB9E-2EC1AE599D5F}.Debug|Any CPU.Build.0 = Debug|Any CPU
		{B353850A-6FC8-41EF-BB9E-2EC1AE599D5F}.Release|Any CPU.ActiveCfg = Release|Any CPU
		{B353850A-6FC8-41EF-BB9E-2EC1AE599D5F}.Release|Any CPU.Build.0 = Release|Any CPU
		{C831546F-B1B2-4E75-8523-08EE400D7540}.Debug|Any CPU.ActiveCfg = Debug|Any CPU
		{C831546F-B1B2-4E75-8523-08EE400D7540}.Debug|Any CPU.Build.0 = Debug|Any CPU
		{C831546F-B1B2-4E75-8523-08EE400D7540}.Release|Any CPU.ActiveCfg = Release|Any CPU
		{C831546F-B1B2-4E75-8523-08EE400D7540}.Release|Any CPU.Build.0 = Release|Any CPU
	EndGlobalSection
	GlobalSection(SolutionProperties) = preSolution
		HideSolutionNode = FALSE
	EndGlobalSection
	GlobalSection(NestedProjects) = preSolution
		{B23EBD18-37C2-40D0-A581-E98B972D9A02} = {126F756E-FAD9-4A5A-95B1-1E2A4224FF3F}
		{AB7C5DAF-1533-4D80-AD44-F3CF7859D565} = {84A723E9-5320-4B9E-B4B9-1A92D2267BB3}
		{2F9F30EE-5B5B-4BFB-9677-FC0792EC3851} = {9E3B0263-DEF6-425C-BAB2-4EC899AE9B83}
		{259134F5-7FCB-436D-805D-3B9ACDB82EA9} = {84A723E9-5320-4B9E-B4B9-1A92D2267BB3}
		{91791242-3F7E-4F0E-8C2B-13B07D05D4D3} = {B5DE0456-D75E-45AF-B57E-42DBD95E8E5C}
		{F1709AC6-0D2F-4E3E-81DA-671B4A158427} = {3B126A8B-A403-469C-A0A5-54999B1C7965}
		{87EF74E9-DF62-4256-8000-714B787D8435} = {B5E7C0C8-CB84-493D-B86F-2E61E6B0CE8E}
		{C670A325-00CB-4556-A58B-F1004DDD901B} = {3FF70CBE-2A3D-4A21-BCE6-CA8006286ABD}
		{C664F09D-E4C1-4004-8721-E40B053C4C87} = {3FF70CBE-2A3D-4A21-BCE6-CA8006286ABD}
		{71B1B354-258C-43C4-A08F-F6936F1AE6A8} = {3FF70CBE-2A3D-4A21-BCE6-CA8006286ABD}
		{3FF70CBE-2A3D-4A21-BCE6-CA8006286ABD} = {FB332BD6-05BF-4BC2-84F8-7F1CC38222BD}
		{9E3B0263-DEF6-425C-BAB2-4EC899AE9B83} = {FB332BD6-05BF-4BC2-84F8-7F1CC38222BD}
		{B353850A-6FC8-41EF-BB9E-2EC1AE599D5F} = {8059E115-6BFD-4516-80A3-64D91B71D595}
		{C831546F-B1B2-4E75-8523-08EE400D7540} = {8059E115-6BFD-4516-80A3-64D91B71D595}
		{8059E115-6BFD-4516-80A3-64D91B71D595} = {84A723E9-5320-4B9E-B4B9-1A92D2267BB3}
	EndGlobalSection
	GlobalSection(ExtensibilityGlobals) = postSolution
		SolutionGuid = {809D8299-6623-433E-A402-270E77E38040}
	EndGlobalSection
EndGlobal
