
Microsoft Visual Studio Solution File, Format Version 12.00
# Visual Studio Version 16
VisualStudioVersion = 16.0.29728.190
MinimumVisualStudioVersion = 10.0.40219.1
Project("{2150E333-8FDC-42A3-9474-1A3956D46DE8}") = "Domain", "Domain", "{126F756E-FAD9-4A5A-95B1-1E2A4224FF3F}"
EndProject
Project("{9A19103F-16F7-4668-BE54-9A1E7A4F7556}") = "TechnicalInfo.Domain.Models", "TechnicalInfo.Models\TechnicalInfo.Domain.Models.csproj", "{B23EBD18-37C2-40D0-A581-E98B972D9A02}"
EndProject
Project("{2150E333-8FDC-42A3-9474-1A3956D46DE8}") = "Infrastructure", "Infrastructure", "{84A723E9-5320-4B9E-B4B9-1A92D2267BB3}"
EndProject
Project("{9A19103F-16F7-4668-BE54-9A1E7A4F7556}") = "TechnicalInfo.Infrastructure.Wmi", "TechnicalInfo.Infrastructure.Wmi\TechnicalInfo.Infrastructure.Wmi.csproj", "{AB7C5DAF-1533-4D80-AD44-F3CF7859D565}"
EndProject
Project("{2150E333-8FDC-42A3-9474-1A3956D46DE8}") = "UIs", "UIs", "{FB332BD6-05BF-4BC2-84F8-7F1CC38222BD}"
EndProject
Project("{9A19103F-16F7-4668-BE54-9A1E7A4F7556}") = "TechnicalInfo.UIs.ConsoleApp", "TechnicalInfo.UIs.ConsoleApp\TechnicalInfo.UIs.ConsoleApp.csproj", "{2F9F30EE-5B5B-4BFB-9677-FC0792EC3851}"
EndProject
Project("{9A19103F-16F7-4668-BE54-9A1E7A4F7556}") = "TechnicalInfo.Infrastructure.Interfaces", "TechnicalInfo.Infastructure.Interfaces\TechnicalInfo.Infrastructure.Interfaces.csproj", "{259134F5-7FCB-436D-805D-3B9ACDB82EA9}"
EndProject
Project("{2150E333-8FDC-42A3-9474-1A3956D46DE8}") = "Utils", "Utils", "{B5DE0456-D75E-45AF-B57E-42DBD95E8E5C}"
EndProject
Project("{9A19103F-16F7-4668-BE54-9A1E7A4F7556}") = "NetworkWsChecker", "..\RemotePrinter\NetworkWsChecker\NetworkWsChecker.csproj", "{91791242-3F7E-4F0E-8C2B-13B07D05D4D3}"
EndProject
Global
	GlobalSection(SolutionConfigurationPlatforms) = preSolution
		Debug|Any CPU = Debug|Any CPU
		Release|Any CPU = Release|Any CPU
	EndGlobalSection
	GlobalSection(ProjectConfigurationPlatforms) = postSolution
		{B23EBD18-37C2-40D0-A581-E98B972D9A02}.Debug|Any CPU.ActiveCfg = Debug|Any CPU
		{B23EBD18-37C2-40D0-A581-E98B972D9A02}.Debug|Any CPU.Build.0 = Debug|Any CPU
		{B23EBD18-37C2-40D0-A581-E98B972D9A02}.Release|Any CPU.ActiveCfg = Release|Any CPU
		{B23EBD18-37C2-40D0-A581-E98B972D9A02}.Release|Any CPU.Build.0 = Release|Any CPU
		{AB7C5DAF-1533-4D80-AD44-F3CF7859D565}.Debug|Any CPU.ActiveCfg = Debug|Any CPU
		{AB7C5DAF-1533-4D80-AD44-F3CF7859D565}.Debug|Any CPU.Build.0 = Debug|Any CPU
		{AB7C5DAF-1533-4D80-AD44-F3CF7859D565}.Release|Any CPU.ActiveCfg = Release|Any CPU
		{AB7C5DAF-1533-4D80-AD44-F3CF7859D565}.Release|Any CPU.Build.0 = Release|Any CPU
		{2F9F30EE-5B5B-4BFB-9677-FC0792EC3851}.Debug|Any CPU.ActiveCfg = Debug|Any CPU
		{2F9F30EE-5B5B-4BFB-9677-FC0792EC3851}.Debug|Any CPU.Build.0 = Debug|Any CPU
		{2F9F30EE-5B5B-4BFB-9677-FC0792EC3851}.Release|Any CPU.ActiveCfg = Release|Any CPU
		{2F9F30EE-5B5B-4BFB-9677-FC0792EC3851}.Release|Any CPU.Build.0 = Release|Any CPU
		{259134F5-7FCB-436D-805D-3B9ACDB82EA9}.Debug|Any CPU.ActiveCfg = Debug|Any CPU
		{259134F5-7FCB-436D-805D-3B9ACDB82EA9}.Debug|Any CPU.Build.0 = Debug|Any CPU
		{259134F5-7FCB-436D-805D-3B9ACDB82EA9}.Release|Any CPU.ActiveCfg = Release|Any CPU
		{259134F5-7FCB-436D-805D-3B9ACDB82EA9}.Release|Any CPU.Build.0 = Release|Any CPU
		{91791242-3F7E-4F0E-8C2B-13B07D05D4D3}.Debug|Any CPU.ActiveCfg = Debug|Any CPU
		{91791242-3F7E-4F0E-8C2B-13B07D05D4D3}.Debug|Any CPU.Build.0 = Debug|Any CPU
		{91791242-3F7E-4F0E-8C2B-13B07D05D4D3}.Release|Any CPU.ActiveCfg = Release|Any CPU
		{91791242-3F7E-4F0E-8C2B-13B07D05D4D3}.Release|Any CPU.Build.0 = Release|Any CPU
	EndGlobalSection
	GlobalSection(SolutionProperties) = preSolution
		HideSolutionNode = FALSE
	EndGlobalSection
	GlobalSection(NestedProjects) = preSolution
		{B23EBD18-37C2-40D0-A581-E98B972D9A02} = {126F756E-FAD9-4A5A-95B1-1E2A4224FF3F}
		{AB7C5DAF-1533-4D80-AD44-F3CF7859D565} = {84A723E9-5320-4B9E-B4B9-1A92D2267BB3}
		{2F9F30EE-5B5B-4BFB-9677-FC0792EC3851} = {FB332BD6-05BF-4BC2-84F8-7F1CC38222BD}
		{259134F5-7FCB-436D-805D-3B9ACDB82EA9} = {84A723E9-5320-4B9E-B4B9-1A92D2267BB3}
		{91791242-3F7E-4F0E-8C2B-13B07D05D4D3} = {B5DE0456-D75E-45AF-B57E-42DBD95E8E5C}
	EndGlobalSection
	GlobalSection(ExtensibilityGlobals) = postSolution
		SolutionGuid = {809D8299-6623-433E-A402-270E77E38040}
	EndGlobalSection
EndGlobal
